
Microsoft Visual Studio Solution File, Format Version 12.00
# Visual Studio 15
VisualStudioVersion = 15.0.26730.16
MinimumVisualStudioVersion = 10.0.40219.1
Project("{9A19103F-16F7-4668-BE54-9A1E7A4F7556}") = "Citaty.Api", "src\Citaty.Web\Citaty.Api.csproj", "{35CB969B-B801-47C0-8DDD-7896E8B8B540}"
EndProject
Project("{9A19103F-16F7-4668-BE54-9A1E7A4F7556}") = "Citaty.Core", "src\Citaty.Core\Citaty.Core.csproj", "{17A999C8-82D6-43B7-9CB3-081ED7E11287}"
EndProject
Project("{FAE04EC0-301F-11D3-BF4B-00C04F79EFBC}") = "Citaty.Data.Domain", "src\Citaty.Data.Domain\Citaty.Data.Domain.csproj", "{0F2AB9FD-24AE-4CB1-8E4C-857FF89F941A}"
EndProject
Project("{FAE04EC0-301F-11D3-BF4B-00C04F79EFBC}") = "Citaty.Data.GraphQL", "src\Citaty.Data.GraphQL\Citaty.Data.GraphQL.csproj", "{D08181A0-8489-4429-BD1B-7C1762C16E77}"
EndProject
Global
	GlobalSection(SolutionConfigurationPlatforms) = preSolution
		Debug|Any CPU = Debug|Any CPU
		Release|Any CPU = Release|Any CPU
	EndGlobalSection
	GlobalSection(ProjectConfigurationPlatforms) = postSolution
		{35CB969B-B801-47C0-8DDD-7896E8B8B540}.Debug|Any CPU.ActiveCfg = Debug|Any CPU
		{35CB969B-B801-47C0-8DDD-7896E8B8B540}.Debug|Any CPU.Build.0 = Debug|Any CPU
		{35CB969B-B801-47C0-8DDD-7896E8B8B540}.Release|Any CPU.ActiveCfg = Release|Any CPU
		{35CB969B-B801-47C0-8DDD-7896E8B8B540}.Release|Any CPU.Build.0 = Release|Any CPU
		{17A999C8-82D6-43B7-9CB3-081ED7E11287}.Debug|Any CPU.ActiveCfg = Debug|Any CPU
		{17A999C8-82D6-43B7-9CB3-081ED7E11287}.Debug|Any CPU.Build.0 = Debug|Any CPU
		{17A999C8-82D6-43B7-9CB3-081ED7E11287}.Release|Any CPU.ActiveCfg = Release|Any CPU
		{17A999C8-82D6-43B7-9CB3-081ED7E11287}.Release|Any CPU.Build.0 = Release|Any CPU
		{0F2AB9FD-24AE-4CB1-8E4C-857FF89F941A}.Debug|Any CPU.ActiveCfg = Debug|Any CPU
		{0F2AB9FD-24AE-4CB1-8E4C-857FF89F941A}.Debug|Any CPU.Build.0 = Debug|Any CPU
		{0F2AB9FD-24AE-4CB1-8E4C-857FF89F941A}.Release|Any CPU.ActiveCfg = Release|Any CPU
		{0F2AB9FD-24AE-4CB1-8E4C-857FF89F941A}.Release|Any CPU.Build.0 = Release|Any CPU
		{D08181A0-8489-4429-BD1B-7C1762C16E77}.Debug|Any CPU.ActiveCfg = Debug|Any CPU
		{D08181A0-8489-4429-BD1B-7C1762C16E77}.Debug|Any CPU.Build.0 = Debug|Any CPU
		{D08181A0-8489-4429-BD1B-7C1762C16E77}.Release|Any CPU.ActiveCfg = Release|Any CPU
		{D08181A0-8489-4429-BD1B-7C1762C16E77}.Release|Any CPU.Build.0 = Release|Any CPU
	EndGlobalSection
	GlobalSection(SolutionProperties) = preSolution
		HideSolutionNode = FALSE
	EndGlobalSection
	GlobalSection(ExtensibilityGlobals) = postSolution
		SolutionGuid = {E5825795-1229-4E50-B86D-9FC1EE9918B9}
	EndGlobalSection
EndGlobal
