
Microsoft Visual Studio Solution File, Format Version 12.00
# Visual Studio 15
VisualStudioVersion = 15.0.26730.16
MinimumVisualStudioVersion = 10.0.40219.1
Project("{2150E333-8FDC-42A3-9474-1A3956D46DE8}") = "Tests", "Tests", "{3E54A531-7A99-4B86-8A5F-3D76A6CBFD5D}"
EndProject
Project("{9A19103F-16F7-4668-BE54-9A1E7A4F7556}") = "Quotes.Testing", "tests\Quotes.Testing\Quotes.Testing.csproj", "{2128F67B-4A5C-4312-9E67-0DE6CB052C4D}"
EndProject
Project("{9A19103F-16F7-4668-BE54-9A1E7A4F7556}") = "Quotes.Tests.Data", "tests\Quotes.Data.Tests\Quotes.Tests.Data.csproj", "{021EB57C-CE74-4775-A9E2-81B8C33AC4ED}"
EndProject
Project("{9A19103F-16F7-4668-BE54-9A1E7A4F7556}") = "Quotes.Api", "src\Quotes.Api\Quotes.Api.csproj", "{2E30324F-A439-4C16-A90F-4AF69E107DAA}"
EndProject
Project("{9A19103F-16F7-4668-BE54-9A1E7A4F7556}") = "Quotes.Data", "src\Quotes.Data\Quotes.Data.csproj", "{AA62D156-146A-478E-8556-C1A405225695}"
EndProject
Project("{9A19103F-16F7-4668-BE54-9A1E7A4F7556}") = "Quotes.Core", "src\Quotes.Core\Quotes.Core.csproj", "{07A5531A-FB6D-46E4-B1CE-B40F4F4FABFC}"
EndProject
Project("{9A19103F-16F7-4668-BE54-9A1E7A4F7556}") = "Quotes.Domain", "src\Quotes.Data.Domain\Quotes.Domain.csproj", "{90304CE3-53AE-4947-928E-1D91E5D36E46}"
EndProject
Project("{9A19103F-16F7-4668-BE54-9A1E7A4F7556}") = "Quotes.GraphQL", "src\Quotes.GraphQL\Quotes.GraphQL.csproj", "{3873BEFD-99E3-49CA-8750-18016A43AEED}"
EndProject
Global
	GlobalSection(SolutionConfigurationPlatforms) = preSolution
		Debug|Any CPU = Debug|Any CPU
		Release|Any CPU = Release|Any CPU
	EndGlobalSection
	GlobalSection(ProjectConfigurationPlatforms) = postSolution
		{2128F67B-4A5C-4312-9E67-0DE6CB052C4D}.Debug|Any CPU.ActiveCfg = Debug|Any CPU
		{2128F67B-4A5C-4312-9E67-0DE6CB052C4D}.Debug|Any CPU.Build.0 = Debug|Any CPU
		{2128F67B-4A5C-4312-9E67-0DE6CB052C4D}.Release|Any CPU.ActiveCfg = Release|Any CPU
		{2128F67B-4A5C-4312-9E67-0DE6CB052C4D}.Release|Any CPU.Build.0 = Release|Any CPU
		{021EB57C-CE74-4775-A9E2-81B8C33AC4ED}.Debug|Any CPU.ActiveCfg = Debug|Any CPU
		{021EB57C-CE74-4775-A9E2-81B8C33AC4ED}.Debug|Any CPU.Build.0 = Debug|Any CPU
		{021EB57C-CE74-4775-A9E2-81B8C33AC4ED}.Release|Any CPU.ActiveCfg = Release|Any CPU
		{021EB57C-CE74-4775-A9E2-81B8C33AC4ED}.Release|Any CPU.Build.0 = Release|Any CPU
		{2E30324F-A439-4C16-A90F-4AF69E107DAA}.Debug|Any CPU.ActiveCfg = Debug|Any CPU
		{2E30324F-A439-4C16-A90F-4AF69E107DAA}.Debug|Any CPU.Build.0 = Debug|Any CPU
		{2E30324F-A439-4C16-A90F-4AF69E107DAA}.Release|Any CPU.ActiveCfg = Release|Any CPU
		{2E30324F-A439-4C16-A90F-4AF69E107DAA}.Release|Any CPU.Build.0 = Release|Any CPU
		{AA62D156-146A-478E-8556-C1A405225695}.Debug|Any CPU.ActiveCfg = Debug|Any CPU
		{AA62D156-146A-478E-8556-C1A405225695}.Debug|Any CPU.Build.0 = Debug|Any CPU
		{AA62D156-146A-478E-8556-C1A405225695}.Release|Any CPU.ActiveCfg = Release|Any CPU
		{AA62D156-146A-478E-8556-C1A405225695}.Release|Any CPU.Build.0 = Release|Any CPU
		{07A5531A-FB6D-46E4-B1CE-B40F4F4FABFC}.Debug|Any CPU.ActiveCfg = Debug|Any CPU
		{07A5531A-FB6D-46E4-B1CE-B40F4F4FABFC}.Debug|Any CPU.Build.0 = Debug|Any CPU
		{07A5531A-FB6D-46E4-B1CE-B40F4F4FABFC}.Release|Any CPU.ActiveCfg = Release|Any CPU
		{07A5531A-FB6D-46E4-B1CE-B40F4F4FABFC}.Release|Any CPU.Build.0 = Release|Any CPU
		{90304CE3-53AE-4947-928E-1D91E5D36E46}.Debug|Any CPU.ActiveCfg = Debug|Any CPU
		{90304CE3-53AE-4947-928E-1D91E5D36E46}.Debug|Any CPU.Build.0 = Debug|Any CPU
		{90304CE3-53AE-4947-928E-1D91E5D36E46}.Release|Any CPU.ActiveCfg = Release|Any CPU
		{90304CE3-53AE-4947-928E-1D91E5D36E46}.Release|Any CPU.Build.0 = Release|Any CPU
		{3873BEFD-99E3-49CA-8750-18016A43AEED}.Debug|Any CPU.ActiveCfg = Debug|Any CPU
		{3873BEFD-99E3-49CA-8750-18016A43AEED}.Debug|Any CPU.Build.0 = Debug|Any CPU
		{3873BEFD-99E3-49CA-8750-18016A43AEED}.Release|Any CPU.ActiveCfg = Release|Any CPU
		{3873BEFD-99E3-49CA-8750-18016A43AEED}.Release|Any CPU.Build.0 = Release|Any CPU
	EndGlobalSection
	GlobalSection(SolutionProperties) = preSolution
		HideSolutionNode = FALSE
	EndGlobalSection
	GlobalSection(NestedProjects) = preSolution
		{2128F67B-4A5C-4312-9E67-0DE6CB052C4D} = {3E54A531-7A99-4B86-8A5F-3D76A6CBFD5D}
		{021EB57C-CE74-4775-A9E2-81B8C33AC4ED} = {3E54A531-7A99-4B86-8A5F-3D76A6CBFD5D}
	EndGlobalSection
	GlobalSection(ExtensibilityGlobals) = postSolution
		SolutionGuid = {E5825795-1229-4E50-B86D-9FC1EE9918B9}
	EndGlobalSection
EndGlobal
